{
  "projects": [
    {
      "projectId": "caTPwKxj5ZrD9LQ7DMdK4Z",
      "version": "3.4.0",
      "dependencies": {},
      "lang": "ts",
      "fileLocks": [
        {
          "assetId": "caTPwKxj5ZrD9LQ7DMdK4Z",
          "type": "projectCss",
          "checksum": "ab083ab952f1c389c64ad1714f567cde"
        }
      ],
      "codegenVersion": "0.0.1"
    },
    {
      "projectId": "7zgBTwbPpHbjHNGdtqUv3x",
      "version": "latest",
      "dependencies": {
        "caTPwKxj5ZrD9LQ7DMdK4Z": "3.4.0"
      },
      "lang": "ts",
      "fileLocks": [
        {
          "assetId": "7zgBTwbPpHbjHNGdtqUv3x",
          "type": "projectCss",
          "checksum": "2298e0d816b30a3954b2f935f9ef3147"
        },
        {
          "type": "renderModule",
          "assetId": "PZxVCIQoxU4k",
          "checksum": "e2b22c285652becc7ce52e7b4f0db069"
        },
        {
          "type": "cssRules",
          "assetId": "PZxVCIQoxU4k",
          "checksum": "e2b22c285652becc7ce52e7b4f0db069"
        },
        {
          "type": "renderModule",
          "assetId": "81QPYdqQ8Y",
          "checksum": "015a9f62835a0d9653bb058da734dac5"
        },
        {
          "type": "cssRules",
          "assetId": "81QPYdqQ8Y",
          "checksum": "015a9f62835a0d9653bb058da734dac5"
        },
        {
          "type": "renderModule",
          "assetId": "LE3N2Gozaj",
          "checksum": "544fe6b733470251efd00be4d34fd601"
        },
        {
          "type": "cssRules",
          "assetId": "LE3N2Gozaj",
          "checksum": "544fe6b733470251efd00be4d34fd601"
        },
        {
          "type": "renderModule",
          "assetId": "jb-pn_CJ2Ad",
          "checksum": "c4e455aafce00ebc30acce1a709035f1"
        },
        {
          "type": "cssRules",
          "assetId": "jb-pn_CJ2Ad",
          "checksum": "c4e455aafce00ebc30acce1a709035f1"
        },
        {
          "type": "renderModule",
          "assetId": "QtbTn9PNS3o",
          "checksum": "37f39575054decdb4842fa359923416d"
        },
        {
          "type": "cssRules",
          "assetId": "QtbTn9PNS3o",
          "checksum": "37f39575054decdb4842fa359923416d"
        },
        {
          "type": "renderModule",
          "assetId": "nS2rlpxVE1",
          "checksum": "fb4e29bf7ba8b8fe38aad9e54bc78931"
        },
        {
          "type": "cssRules",
          "assetId": "nS2rlpxVE1",
          "checksum": "fb4e29bf7ba8b8fe38aad9e54bc78931"
        },
        {
          "type": "renderModule",
          "assetId": "L6Ve5SKzB5v",
          "checksum": "8592bab03a513735ab6a94f06388455f"
        },
        {
          "type": "cssRules",
          "assetId": "L6Ve5SKzB5v",
          "checksum": "8592bab03a513735ab6a94f06388455f"
        },
        {
          "type": "renderModule",
          "assetId": "qOWo5OFp1An",
          "checksum": "f10dd0964b2a2a1772e4d857f693858b"
        },
        {
          "type": "cssRules",
          "assetId": "qOWo5OFp1An",
          "checksum": "f10dd0964b2a2a1772e4d857f693858b"
        },
        {
          "type": "renderModule",
          "assetId": "0Brg5ub9P_Z",
          "checksum": "982f9f6841d1e6db91c94cc5277dc7c2"
        },
        {
          "type": "cssRules",
          "assetId": "0Brg5ub9P_Z",
          "checksum": "982f9f6841d1e6db91c94cc5277dc7c2"
        },
        {
          "type": "renderModule",
          "assetId": "UNf38yd5Gbs",
          "checksum": "68e82bcec946335c8d2f74db6f695d4a"
        },
        {
          "type": "cssRules",
          "assetId": "UNf38yd5Gbs",
          "checksum": "68e82bcec946335c8d2f74db6f695d4a"
        },
        {
          "type": "renderModule",
          "assetId": "G6iO0OlBUS",
          "checksum": "aca993491e36157890be89d1994d6a67"
        },
        {
          "type": "cssRules",
          "assetId": "G6iO0OlBUS",
          "checksum": "aca993491e36157890be89d1994d6a67"
        },
        {
          "type": "renderModule",
          "assetId": "C2Z44i2ipT",
          "checksum": "e33c268c1023fd1c373141108ad4124c"
        },
        {
          "type": "cssRules",
          "assetId": "C2Z44i2ipT",
          "checksum": "e33c268c1023fd1c373141108ad4124c"
        },
        {
          "type": "renderModule",
          "assetId": "OyG8vtv76jp",
          "checksum": "30b61019c5eca4040dc65c5605ce3f26"
        },
        {
          "type": "cssRules",
          "assetId": "OyG8vtv76jp",
          "checksum": "30b61019c5eca4040dc65c5605ce3f26"
        },
        {
          "type": "renderModule",
          "assetId": "eUYTOnEeGX",
          "checksum": "e327255577d6dd800250d7b2deceb9ce"
        },
        {
          "type": "cssRules",
          "assetId": "eUYTOnEeGX",
          "checksum": "e327255577d6dd800250d7b2deceb9ce"
        },
        {
          "type": "icon",
          "assetId": "0TsNv0K1B",
          "checksum": "c3faf4d538a63b905ee4d0f0e5b93c17"
        },
        {
          "type": "icon",
          "assetId": "XZAvKNBJmZ",
          "checksum": "fd69a36a9be2a602660a63adb035ad75"
        },
        {
          "type": "icon",
          "assetId": "u3wA3h_cil",
          "checksum": "fe2949c8123862580beb359e55194b4d"
        },
        {
          "type": "icon",
          "assetId": "hwJIJDqlNE",
          "checksum": "066dead506245d6831b97b0639522dc7"
        },
        {
          "type": "icon",
          "assetId": "h4Bl-EXfgf",
          "checksum": "6d2a6c5d7940f4b0c67ba22b61fab3cd"
        },
        {
          "type": "icon",
          "assetId": "jA2NdGFwnK",
          "checksum": "a88ba8db0f2341f79fe13a2f77ae174f"
        },
        {
          "type": "icon",
          "assetId": "wyJsdEXVBs",
          "checksum": "844379cf682344b66960a530e16cd868"
        },
        {
          "type": "icon",
          "assetId": "vLDRE8TUZ",
          "checksum": "f1cf1114c86dd11b1b09d71e22dd757e"
        },
        {
          "type": "icon",
          "assetId": "oQ79oCqHHS",
          "checksum": "9e79a1072e35e2f9ddbd7a6cb2512ddc"
        },
        {
          "type": "icon",
          "assetId": "bIOYIhgPEe",
          "checksum": "5caf5ccb178737ac817c33cf230e7f07"
        },
        {
          "type": "icon",
          "assetId": "T7NpHQwY9J",
          "checksum": "2930b8483e8d5f6a5fc6ea11bd29590c"
        },
        {
          "type": "icon",
          "assetId": "WJL6dah7XM",
          "checksum": "730e398b64226794740b21cb8ceca329"
        },
        {
          "type": "icon",
          "assetId": "rfT6DL-7O-",
          "checksum": "b585bdb7202b30aa63f6df747f006048"
        },
        {
          "type": "icon",
          "assetId": "NhVUZxYXuH",
          "checksum": "8fbf95885f7e2aff09f691dc822ff4be"
        },
        {
          "type": "icon",
          "assetId": "Yw-cDn_GBL",
          "checksum": "9d2e908f8fd193b0b7f2e7b3b4178f2f"
        },
        {
          "type": "icon",
          "assetId": "9UW_5nAdrLv",
          "checksum": "0a9c8c6bdb956a1046b800d2f6a62020"
        },
        {
          "type": "icon",
          "assetId": "FIQZ7MTAjrD",
          "checksum": "d20986a0197a6164946d5aeeee74eca8"
        },
        {
          "type": "icon",
          "assetId": "FSz5yaWuKKQ",
          "checksum": "e43da907309867b8bdb7bd04a60498b1"
        },
        {
          "type": "icon",
          "assetId": "AECHKJaOrPy",
          "checksum": "0e65cd8e2031c6aeddb1c13155b1940e"
        },
        {
          "type": "icon",
          "assetId": "pnt_uLJZE6N",
          "checksum": "884df57a9479dc7f68d2cbe73a0565d5"
        },
        {
          "type": "icon",
          "assetId": "p1su0nPTVpl",
          "checksum": "aa821760c50dd635dd11819e3d6dd15e"
        },
        {
          "type": "icon",
          "assetId": "N_rBuzKEqCD",
          "checksum": "04ccccebd3a4217ab2941a53f9ace870"
        },
        {
          "type": "icon",
          "assetId": "8Xy2TdC8dVc",
          "checksum": "ed200d662d4c5700bfa31ead919a86c8"
        },
        {
          "type": "icon",
          "assetId": "2mJFkmELjr",
          "checksum": "c9e23c2194002864705476e239fd3050"
        },
        {
          "type": "icon",
          "assetId": "Px8fwYs2S",
          "checksum": "6e0c686a4a3f07f0486bebb3b087065c"
        },
        {
          "type": "icon",
          "assetId": "qQkYIMZ1nv",
          "checksum": "8ed86abe9c4ba8140c5023a583626d7c"
        },
        {
          "type": "icon",
          "assetId": "5yQOu2Fm9A",
          "checksum": "73a2adad636328ef29d812ab41fa8f47"
        },
        {
          "type": "icon",
          "assetId": "lGidhElfWA",
          "checksum": "6bded0302e403b04c057ab66116ebfb8"
        },
        {
          "type": "icon",
          "assetId": "W_SBPbKm3g",
          "checksum": "f8a049f07763ba5dd84c1f5e1a8ee087"
        },
        {
          "type": "icon",
          "assetId": "4JHsit29Yh",
          "checksum": "bb83bb395fa18358377a859cc44453c6"
        },
        {
          "type": "icon",
          "assetId": "ByuB-5ejOU1",
          "checksum": "32d4dfedce1f2df358643cdb68800ff3"
        },
        {
          "type": "icon",
          "assetId": "fmMUekF15r-",
          "checksum": "6da2118f3768d7571be5525921f429c4"
        },
        {
          "type": "icon",
          "assetId": "SjDzadmLB",
          "checksum": "9cc1d0e48a121abeceb753604c311ccd"
        },
        {
          "type": "icon",
          "assetId": "k3aere2m9V",
          "checksum": "a9784674d9ae1db8d071baefc979c735"
        },
        {
          "type": "icon",
          "assetId": "2EyI6n-QWO",
          "checksum": "d2c23f30185199056522ec0e4fa503e1"
        },
        {
          "type": "icon",
          "assetId": "8tkh8Hd-EQ",
          "checksum": "5698d36337d82ff94a1721a8b07d5339"
        },
        {
          "type": "icon",
          "assetId": "kp0PTEsCV1_",
          "checksum": "232cdd1c0ae13b8e75acd3f6f37e912d"
        },
        {
          "type": "image",
          "assetId": "ZzpipNyAUN",
          "checksum": "24e10a1dad2ed131d462b3c9261fffde"
        },
        {
          "type": "image",
          "assetId": "5zUIX5pID",
          "checksum": "413a7d736fd08f823220e73217739c51"
        },
        {
          "type": "image",
          "assetId": "pQsxb5E2ZV",
          "checksum": "faa5b19f5236fda7725d666f88b8329d"
        },
        {
          "type": "image",
          "assetId": "XU1r9bWtF_",
          "checksum": "a0790500bc924ccf501dbd92e63b674c"
        },
        {
          "type": "image",
          "assetId": "NwehoOXBnl",
          "checksum": "6c97f129c0fd1b9895515e9201459bfa"
        },
        {
          "type": "image",
          "assetId": "to7Zwq1ARn",
          "checksum": "e92a14cb886ac6d981e95e4241556d7c"
        },
        {
          "type": "image",
          "assetId": "cRxu7T46Mj",
          "checksum": "da6ad344acd0c71b5c782fce7ab2057a"
        },
        {
          "type": "image",
          "assetId": "qqzU-I5EFd",
          "checksum": "b112c98577acba6e11cd69afceae4d1f"
        },
        {
          "type": "image",
          "assetId": "5yacIxJR9u",
          "checksum": "7831f16aedf029c6a10e5bd88b03e86e"
        },
        {
          "type": "image",
          "assetId": "Hguv6VljdV",
          "checksum": "02ced2f1717125f358b90b7c5b1fce97"
        },
        {
          "type": "image",
          "assetId": "eSoEM_fsnfi",
          "checksum": "0d4e077f03f93437e7449085f628d9ea"
        },
        {
          "type": "image",
          "assetId": "4FchRM0EVsk",
          "checksum": "7aa804fab7d81786e6d6fb2bf0ccde98"
        },
        {
          "type": "image",
          "assetId": "Vfqn00omX6y",
          "checksum": "ac183e95b3f72d792cf2fd6b11f7046a"
        },
        {
          "type": "image",
          "assetId": "dSFNX5naC",
          "checksum": "0f81a6004c44649320d1ed4d22469dc9"
        },
        {
          "type": "image",
          "assetId": "xjA3Mt47g",
          "checksum": "9896c9d7db3a48d0ecbb3f48d7bcf53a"
        },
        {
          "type": "image",
          "assetId": "-hG5kejTn",
          "checksum": "86871e1bac29d8f5252655e1dfa9ec10"
        },
        {
          "type": "image",
          "assetId": "7n8Vu2Zsh",
          "checksum": "d81057df645aea5cffbfe2df998d2d14"
        }
      ],
      "codegenVersion": "0.0.1"
    }
  ],
  "cliVersion": "0.1.186"
}
